github.com/davecgh/go-spew v1.1.0/go.mod h1:J7Y8YcW2NihsgmVo/mv3lAwl/skON4iLHjSsI+c5H38=
github.com/davecgh/go-spew v1.1.1 h1:vj9j/u1bqnvCEfJOwUhtlOARqs3+rkHYY13jYWTU97c=
github.com/davecgh/go-spew v1.1.1/go.mod h1:J7Y8YcW2NihsgmVo/mv3lAwl/skON4iLHjSsI+c5H38=
github.com/erinpentecost/gloop v0.0.0-20190123052824-d48b553b87db h1:AVqzUMAKB/GLYIvJOKwF3zTx7Ommk6UHS7LR+uTd9GQ=
github.com/erinpentecost/gloop v0.0.0-20190123052824-d48b553b87db/go.mod h1:U3HntggjG5tbH0ilw9+TNsUkHa+OJybqUL/uX8J6DQ0=
github.com/pmezard/go-difflib v1.0.0 h1:4DBwDE0NGyQoBHbLQYPwSUPoCMWR5BEzIk/f1lZbAQM=
github.com/pmezard/go-difflib v1.0.0/go.mod h1:iKH77koFhYxTK1pcRnkKkqfTogsbg7gZNVY4sRDYZ/4=
github.com/stretchr/objx v0.1.0/go.mod h1:HFkY916IF+rwdDfMAkV7OtwuqBVzrE8GR6GFx+wExME=
github.com/stretchr/testify v1.3.0 h1:TivCn/peBQ7UY8ooIcPgZFpTNSz0Q2U6UrFlUfqbe0Q=
github.com/stretchr/testify v1.3.0/go.mod h1:M5WIy9Dh21IEIfnGCwXGc5bZfKNJtfHm1UVUgZn+9EI=
github.com/vulkan-go/asche v0.0.0-20180829094422-80bb1ffa728a h1:jyRdhX+/Fvuv5zNod60X1MKvkCy/XGCyNkcyJ7GnZaU=
github.com/vulkan-go/asche v0.0.0-20180829094422-80bb1ffa728a/go.mod h1:fIbNY6YffQRtdF22h26OXRprI/BGOWPKlxJWtNC78OA=
github.com/vulkan-go/demos v0.0.0-20181016081023-979feff9adf7 h1:+9uPEQvbl3uha6jyL3wnPnzHYGC0OcYZSiJEo7QFC7c=
github.com/vulkan-go/demos v0.0.0-20181016081023-979feff9adf7/go.mod h1:lszyAS4GLnwTRC1Nk+lgi9kipWbis9iRwtjRRyORCJs=
github.com/vulkan-go/glfw v0.0.0-20180930191036-cac57eedc4a5 h1:m2ubjBfoVgaHlyMAeZZYetN8HKDv+BQBgmbMN3XIMjY=
github.com/vulkan-go/glfw v0.0.0-20180930191036-cac57eedc4a5/go.mod h1:qui9jo5J26j9fXv2x3bySGThxYkQZt4SgsPIZRtZAbQ=
github.com/vulkan-go/vulkan v0.0.0-20181015060211-df48e8cc1538 h1:mS2FkUtbSHJ3Nd3TUlX88zQa5XsyUNFZ+BRD7ZwWkUI=
github.com/vulkan-go/vulkan v0.0.0-20181015060211-df48e8cc1538/go.mod h1:X6Qqg0j5A5cYHhFXUOl6TL/vYdyh/ajvyCvh+sEHQFI=
github.com/xlab/closer v0.0.0-20161113214103-89cd22812c4f h1:2G9Yv2r2jmu7pBH2cxsvIt0kdLxGpMJIuPxDeDDEkQo=
github.com/xlab/closer v0.0.0-20161113214103-89cd22812c4f/go.mod h1:Y8IYP9aVODN3Vnw1FCqygCG5IWyYBeBlZqQ5aX+fHFw=
github.com/xlab/linmath v0.0.0-20170502193301-512668b827be h1:J/lWrXhpS1n3HRy18iqZnIhQqGSrvKnXQpVRNG5rKqM=
github.com/xlab/linmath v0.0.0-20170502193301-512668b827be/go.mod h1:fgIYDv0Jdzzt+7Us/LdHhBL5N7xqDoj7Jgyf9da1mH4=
github.com/zserge/metric v0.1.0 h1:IkYtSU/cSx7gnLZTJHrmblRtR3D4JVIvX7nnKELJT5U=
github.com/zserge/metric v0.1.0/go.mod h1:SfdmUuuSJsSXW4W5sdU34LILvn+nHLufqIwNu22LW3c=
